// !$*UTF8*$!
{
	archiveVersion = 1;
	classes = {
	};
	objectVersion = 46;
	objects = {

/* Begin PBXBuildFile section */
		7404F86A1A215ACF00DD89FF /* BasicAlgorithmsAndDataStructuresObject.m in Sources */ = {isa = PBXBuildFile; fileRef = 7404F8691A215ACF00DD89FF /* BasicAlgorithmsAndDataStructuresObject.m */; };
		7404F86D1A215AF800DD89FF /* StackAndQueue.m in Sources */ = {isa = PBXBuildFile; fileRef = 7404F86C1A215AF800DD89FF /* StackAndQueue.m */; };
		741B95551A37F8B9000AE44D /* BasicAlgorithmsSeries.m in Sources */ = {isa = PBXBuildFile; fileRef = 741B95541A37F8B9000AE44D /* BasicAlgorithmsSeries.m */; };
		741B95581A37F8EA000AE44D /* PancakeSort.m in Sources */ = {isa = PBXBuildFile; fileRef = 741B95571A37F8EA000AE44D /* PancakeSort.m */; };
		741B955B1A381963000AE44D /* CountSort.m in Sources */ = {isa = PBXBuildFile; fileRef = 741B955A1A381963000AE44D /* CountSort.m */; };
		742869ED1A2BFF3200FAF733 /* BasicSuperCoolAlgorithms.m in Sources */ = {isa = PBXBuildFile; fileRef = 742869EC1A2BFF3200FAF733 /* BasicSuperCoolAlgorithms.m */; };
		742869F01A2C039700FAF733 /* NumberEstimative.m in Sources */ = {isa = PBXBuildFile; fileRef = 742869EF1A2C039700FAF733 /* NumberEstimative.m */; };
		742869F41A2C15CE00FAF733 /* BurkhardKellerTree.m in Sources */ = {isa = PBXBuildFile; fileRef = 742869F31A2C15CE00FAF733 /* BurkhardKellerTree.m */; };
		742EF6041A392DCB003D6AB6 /* PowerAlgorithms.m in Sources */ = {isa = PBXBuildFile; fileRef = 742EF6031A392DCB003D6AB6 /* PowerAlgorithms.m */; };
		743152871A59014900C63F0B /* LogStructuredFileSystems.m in Sources */ = {isa = PBXBuildFile; fileRef = 743152861A59014900C63F0B /* LogStructuredFileSystems.m */; };
		74348A991A23864200BDDA5D /* MergeSort.m in Sources */ = {isa = PBXBuildFile; fileRef = 74348A981A23864200BDDA5D /* MergeSort.m */; };
		74348A9C1A23874B00BDDA5D /* QuickSort.m in Sources */ = {isa = PBXBuildFile; fileRef = 74348A9B1A23874B00BDDA5D /* QuickSort.m */; };
		743FFCC31A1D902400F645A6 /* MapAndModeCode.m in Sources */ = {isa = PBXBuildFile; fileRef = 743FFCC21A1D902400F645A6 /* MapAndModeCode.m */; };
		743FFCC51A1D95DF00F645A6 /* ios-basic.css in Resources */ = {isa = PBXBuildFile; fileRef = 743FFCC41A1D95DF00F645A6 /* ios-basic.css */; };
		743FFCC81A1D9D1A00F645A6 /* RelativeCoding.m in Sources */ = {isa = PBXBuildFile; fileRef = 743FFCC71A1D9D1A00F645A6 /* RelativeCoding.m */; };
		744625FE1A256B64002EE2BC /* SymbolTableDictionary.m in Sources */ = {isa = PBXBuildFile; fileRef = 744625FD1A256B64002EE2BC /* SymbolTableDictionary.m */; };
		744626011A257C77002EE2BC /* BinarySearchTree.m in Sources */ = {isa = PBXBuildFile; fileRef = 744626001A257C77002EE2BC /* BinarySearchTree.m */; };
		744F05441A26BDA100783973 /* TwoThreeSearchTree.m in Sources */ = {isa = PBXBuildFile; fileRef = 744F05431A26BDA100783973 /* TwoThreeSearchTree.m */; };
		744F05471A26CEB400783973 /* RedBlackTree.m in Sources */ = {isa = PBXBuildFile; fileRef = 744F05461A26CEB400783973 /* RedBlackTree.m */; };
		744F054A1A26FD8A00783973 /* BAndBplusTree.m in Sources */ = {isa = PBXBuildFile; fileRef = 744F05491A26FD8A00783973 /* BAndBplusTree.m */; };
		745B511D1A3149A700B5AFDA /* MapReduce.m in Sources */ = {isa = PBXBuildFile; fileRef = 745B511C1A3149A700B5AFDA /* MapReduce.m */; };
		748C164E1A4BA9CB00D6EAC4 /* InvertedIndexMapReduce.m in Sources */ = {isa = PBXBuildFile; fileRef = 748C164D1A4BA9CB00D6EAC4 /* InvertedIndexMapReduce.m */; };
		74948A231A242A0800DB25A7 /* PriorityQueueAndHeapSort.m in Sources */ = {isa = PBXBuildFile; fileRef = 74948A221A242A0800DB25A7 /* PriorityQueueAndHeapSort.m */; };
		74BDDCB21A222C4A00325F0A /* BasicSortAlgorithms.m in Sources */ = {isa = PBXBuildFile; fileRef = 74BDDCB11A222C4A00325F0A /* BasicSortAlgorithms.m */; };
		74E063B01A2EA9D000101405 /* BasicAlgorithmsItemBank.m in Sources */ = {isa = PBXBuildFile; fileRef = 74E063AF1A2EA9D000101405 /* BasicAlgorithmsItemBank.m */; };
		74E063B31A2EAACF00101405 /* BitOperation.m in Sources */ = {isa = PBXBuildFile; fileRef = 74E063B21A2EAACF00101405 /* BitOperation.m */; };
		74E388441A353CDC0040CB6E /* FountainCode.m in Sources */ = {isa = PBXBuildFile; fileRef = 74E388431A353CDC0040CB6E /* FountainCode.m */; };
		74E388471A353CE90040CB6E /* UndirectedGraphAlgorithms.m in Sources */ = {isa = PBXBuildFile; fileRef = 74E388461A353CE90040CB6E /* UndirectedGraphAlgorithms.m */; };
		74ED0B491A1AEDE2009D8357 /* main.m in Sources */ = {isa = PBXBuildFile; fileRef = 74ED0B481A1AEDE2009D8357 /* main.m */; };
		74ED0B4C1A1AEDE2009D8357 /* AppDelegate.m in Sources */ = {isa = PBXBuildFile; fileRef = 74ED0B4B1A1AEDE2009D8357 /* AppDelegate.m */; };
		74ED0B4F1A1AEDE2009D8357 /* MasterViewController.m in Sources */ = {isa = PBXBuildFile; fileRef = 74ED0B4E1A1AEDE2009D8357 /* MasterViewController.m */; };
		74ED0B521A1AEDE2009D8357 /* DetailViewController.m in Sources */ = {isa = PBXBuildFile; fileRef = 74ED0B511A1AEDE2009D8357 /* DetailViewController.m */; };
		74ED0B551A1AEDE2009D8357 /* Main.storyboard in Resources */ = {isa = PBXBuildFile; fileRef = 74ED0B531A1AEDE2009D8357 /* Main.storyboard */; };
		74ED0B571A1AEDE2009D8357 /* Images.xcassets in Resources */ = {isa = PBXBuildFile; fileRef = 74ED0B561A1AEDE2009D8357 /* Images.xcassets */; };
		74ED0B5A1A1AEDE2009D8357 /* LaunchScreen.xib in Resources */ = {isa = PBXBuildFile; fileRef = 74ED0B581A1AEDE2009D8357 /* LaunchScreen.xib */; };
		74ED0B661A1AEDE2009D8357 /* QHComputerizedAlgorithmTests.m in Sources */ = {isa = PBXBuildFile; fileRef = 74ED0B651A1AEDE2009D8357 /* QHComputerizedAlgorithmTests.m */; };
		74ED0B721A1AF530009D8357 /* RunCoding.m in Sources */ = {isa = PBXBuildFile; fileRef = 74ED0B711A1AF530009D8357 /* RunCoding.m */; };
		74ED0B751A1B2730009D8357 /* BitMapCode.m in Sources */ = {isa = PBXBuildFile; fileRef = 74ED0B741A1B2730009D8357 /* BitMapCode.m */; };
		74ED0B781A1B2946009D8357 /* BasicCodeObject.m in Sources */ = {isa = PBXBuildFile; fileRef = 74ED0B771A1B2946009D8357 /* BasicCodeObject.m */; };
		74ED28F41A1E50B3002317DC /* PrefixionCode.m in Sources */ = {isa = PBXBuildFile; fileRef = 74ED28F31A1E50B3002317DC /* PrefixionCode.m */; };
		74F3E1211A2815AC00410317 /* HashTableSort.m in Sources */ = {isa = PBXBuildFile; fileRef = 74F3E1201A2815AC00410317 /* HashTableSort.m */; };
		74FD73B71A6F89EE005E62E0 /* BlockCipherAndSecurityArrangement.m in Sources */ = {isa = PBXBuildFile; fileRef = 74FD73B61A6F89EE005E62E0 /* BlockCipherAndSecurityArrangement.m */; };
		74FD73BA1A6F8A89005E62E0 /* PuzzleTree.m in Sources */ = {isa = PBXBuildFile; fileRef = 74FD73B91A6F8A89005E62E0 /* PuzzleTree.m */; };
		74FD73BD1A6F9524005E62E0 /* DataEncodeOfHistoryPrincipleCompressionAlgorithms.m in Sources */ = {isa = PBXBuildFile; fileRef = 74FD73BC1A6F9524005E62E0 /* DataEncodeOfHistoryPrincipleCompressionAlgorithms.m */; };
/* End PBXBuildFile section */

/* Begin PBXContainerItemProxy section */
		74ED0B601A1AEDE2009D8357 /* PBXContainerItemProxy */ = {
			isa = PBXContainerItemProxy;
			containerPortal = 74ED0B3B1A1AEDE2009D8357 /* Project object */;
			proxyType = 1;
			remoteGlobalIDString = 74ED0B421A1AEDE2009D8357;
			remoteInfo = QHComputerizedAlgorithm;
		};
/* End PBXContainerItemProxy section */

/* Begin PBXFileReference section */
		7404F8681A215ACF00DD89FF /* BasicAlgorithmsAndDataStructuresObject.h */ = {isa = PBXFileReference; fileEncoding = 4; lastKnownFileType = sourcecode.c.h; path = BasicAlgorithmsAndDataStructuresObject.h; sourceTree = "<group>"; };
		7404F8691A215ACF00DD89FF /* BasicAlgorithmsAndDataStructuresObject.m */ = {isa = PBXFileReference; fileEncoding = 4; lastKnownFileType = sourcecode.c.objc; path = BasicAlgorithmsAndDataStructuresObject.m; sourceTree = "<group>"; };
		7404F86B1A215AF800DD89FF /* StackAndQueue.h */ = {isa = PBXFileReference; fileEncoding = 4; lastKnownFileType = sourcecode.c.h; path = StackAndQueue.h; sourceTree = "<group>"; };
		7404F86C1A215AF800DD89FF /* StackAndQueue.m */ = {isa = PBXFileReference; fileEncoding = 4; lastKnownFileType = sourcecode.c.objc; path = StackAndQueue.m; sourceTree = "<group>"; };
		741B95531A37F8B9000AE44D /* BasicAlgorithmsSeries.h */ = {isa = PBXFileReference; fileEncoding = 4; lastKnownFileType = sourcecode.c.h; path = BasicAlgorithmsSeries.h; sourceTree = "<group>"; };
		741B95541A37F8B9000AE44D /* BasicAlgorithmsSeries.m */ = {isa = PBXFileReference; fileEncoding = 4; lastKnownFileType = sourcecode.c.objc; path = BasicAlgorithmsSeries.m; sourceTree = "<group>"; };
		741B95561A37F8EA000AE44D /* PancakeSort.h */ = {isa = PBXFileReference; fileEncoding = 4; lastKnownFileType = sourcecode.c.h; path = PancakeSort.h; sourceTree = "<group>"; };
		741B95571A37F8EA000AE44D /* PancakeSort.m */ = {isa = PBXFileReference; fileEncoding = 4; lastKnownFileType = sourcecode.c.objc; path = PancakeSort.m; sourceTree = "<group>"; };
		741B95591A381963000AE44D /* CountSort.h */ = {isa = PBXFileReference; fileEncoding = 4; lastKnownFileType = sourcecode.c.h; path = CountSort.h; sourceTree = "<group>"; };
		741B955A1A381963000AE44D /* CountSort.m */ = {isa = PBXFileReference; fileEncoding = 4; lastKnownFileType = sourcecode.c.objc; path = CountSort.m; sourceTree = "<group>"; };
		742869EB1A2BFF3200FAF733 /* BasicSuperCoolAlgorithms.h */ = {isa = PBXFileReference; fileEncoding = 4; lastKnownFileType = sourcecode.c.h; path = BasicSuperCoolAlgorithms.h; sourceTree = "<group>"; };
		742869EC1A2BFF3200FAF733 /* BasicSuperCoolAlgorithms.m */ = {isa = PBXFileReference; fileEncoding = 4; lastKnownFileType = sourcecode.c.objc; path = BasicSuperCoolAlgorithms.m; sourceTree = "<group>"; };
		742869EE1A2C039700FAF733 /* NumberEstimative.h */ = {isa = PBXFileReference; fileEncoding = 4; lastKnownFileType = sourcecode.c.h; path = NumberEstimative.h; sourceTree = "<group>"; };
		742869EF1A2C039700FAF733 /* NumberEstimative.m */ = {isa = PBXFileReference; fileEncoding = 4; lastKnownFileType = sourcecode.c.objc; path = NumberEstimative.m; sourceTree = "<group>"; };
		742869F21A2C15CE00FAF733 /* BurkhardKellerTree.h */ = {isa = PBXFileReference; fileEncoding = 4; lastKnownFileType = sourcecode.c.h; path = BurkhardKellerTree.h; sourceTree = "<group>"; };
		742869F31A2C15CE00FAF733 /* BurkhardKellerTree.m */ = {isa = PBXFileReference; fileEncoding = 4; lastKnownFileType = sourcecode.c.objc; path = BurkhardKellerTree.m; sourceTree = "<group>"; };
		742EF6021A392DCB003D6AB6 /* PowerAlgorithms.h */ = {isa = PBXFileReference; fileEncoding = 4; lastKnownFileType = sourcecode.c.h; path = PowerAlgorithms.h; sourceTree = "<group>"; };
		742EF6031A392DCB003D6AB6 /* PowerAlgorithms.m */ = {isa = PBXFileReference; fileEncoding = 4; lastKnownFileType = sourcecode.c.objc; path = PowerAlgorithms.m; sourceTree = "<group>"; };
		743152851A59014900C63F0B /* LogStructuredFileSystems.h */ = {isa = PBXFileReference; fileEncoding = 4; lastKnownFileType = sourcecode.c.h; path = LogStructuredFileSystems.h; sourceTree = "<group>"; };
		743152861A59014900C63F0B /* LogStructuredFileSystems.m */ = {isa = PBXFileReference; fileEncoding = 4; lastKnownFileType = sourcecode.c.objc; path = LogStructuredFileSystems.m; sourceTree = "<group>"; };
		74348A971A23864200BDDA5D /* MergeSort.h */ = {isa = PBXFileReference; fileEncoding = 4; lastKnownFileType = sourcecode.c.h; path = MergeSort.h; sourceTree = "<group>"; };
		74348A981A23864200BDDA5D /* MergeSort.m */ = {isa = PBXFileReference; fileEncoding = 4; lastKnownFileType = sourcecode.c.objc; path = MergeSort.m; sourceTree = "<group>"; };
		74348A9A1A23874B00BDDA5D /* QuickSort.h */ = {isa = PBXFileReference; fileEncoding = 4; lastKnownFileType = sourcecode.c.h; path = QuickSort.h; sourceTree = "<group>"; };
		74348A9B1A23874B00BDDA5D /* QuickSort.m */ = {isa = PBXFileReference; fileEncoding = 4; lastKnownFileType = sourcecode.c.objc; path = QuickSort.m; sourceTree = "<group>"; };
		743FFCC11A1D902400F645A6 /* MapAndModeCode.h */ = {isa = PBXFileReference; fileEncoding = 4; lastKnownFileType = sourcecode.c.h; path = MapAndModeCode.h; sourceTree = "<group>"; };
		743FFCC21A1D902400F645A6 /* MapAndModeCode.m */ = {isa = PBXFileReference; fileEncoding = 4; lastKnownFileType = sourcecode.c.objc; path = MapAndModeCode.m; sourceTree = "<group>"; };
		743FFCC41A1D95DF00F645A6 /* ios-basic.css */ = {isa = PBXFileReference; fileEncoding = 4; lastKnownFileType = text.css; path = "ios-basic.css"; sourceTree = "<group>"; };
		743FFCC61A1D9D1A00F645A6 /* RelativeCoding.h */ = {isa = PBXFileReference; fileEncoding = 4; lastKnownFileType = sourcecode.c.h; path = RelativeCoding.h; sourceTree = "<group>"; };
		743FFCC71A1D9D1A00F645A6 /* RelativeCoding.m */ = {isa = PBXFileReference; fileEncoding = 4; lastKnownFileType = sourcecode.c.objc; path = RelativeCoding.m; sourceTree = "<group>"; };
		744625FC1A256B64002EE2BC /* SymbolTableDictionary.h */ = {isa = PBXFileReference; fileEncoding = 4; lastKnownFileType = sourcecode.c.h; path = SymbolTableDictionary.h; sourceTree = "<group>"; };
		744625FD1A256B64002EE2BC /* SymbolTableDictionary.m */ = {isa = PBXFileReference; fileEncoding = 4; lastKnownFileType = sourcecode.c.objc; path = SymbolTableDictionary.m; sourceTree = "<group>"; };
		744625FF1A257C77002EE2BC /* BinarySearchTree.h */ = {isa = PBXFileReference; fileEncoding = 4; lastKnownFileType = sourcecode.c.h; path = BinarySearchTree.h; sourceTree = "<group>"; };
		744626001A257C77002EE2BC /* BinarySearchTree.m */ = {isa = PBXFileReference; fileEncoding = 4; lastKnownFileType = sourcecode.c.objc; path = BinarySearchTree.m; sourceTree = "<group>"; };
		744F05421A26BDA100783973 /* TwoThreeSearchTree.h */ = {isa = PBXFileReference; fileEncoding = 4; lastKnownFileType = sourcecode.c.h; path = TwoThreeSearchTree.h; sourceTree = "<group>"; };
		744F05431A26BDA100783973 /* TwoThreeSearchTree.m */ = {isa = PBXFileReference; fileEncoding = 4; lastKnownFileType = sourcecode.c.objc; path = TwoThreeSearchTree.m; sourceTree = "<group>"; };
		744F05451A26CEB400783973 /* RedBlackTree.h */ = {isa = PBXFileReference; fileEncoding = 4; lastKnownFileType = sourcecode.c.h; path = RedBlackTree.h; sourceTree = "<group>"; };
		744F05461A26CEB400783973 /* RedBlackTree.m */ = {isa = PBXFileReference; fileEncoding = 4; lastKnownFileType = sourcecode.c.objc; path = RedBlackTree.m; sourceTree = "<group>"; };
		744F05481A26FD8A00783973 /* BAndBplusTree.h */ = {isa = PBXFileReference; fileEncoding = 4; lastKnownFileType = sourcecode.c.h; path = BAndBplusTree.h; sourceTree = "<group>"; };
		744F05491A26FD8A00783973 /* BAndBplusTree.m */ = {isa = PBXFileReference; fileEncoding = 4; lastKnownFileType = sourcecode.c.objc; path = BAndBplusTree.m; sourceTree = "<group>"; };
		745B511B1A3149A700B5AFDA /* MapReduce.h */ = {isa = PBXFileReference; fileEncoding = 4; lastKnownFileType = sourcecode.c.h; path = MapReduce.h; sourceTree = "<group>"; };
		745B511C1A3149A700B5AFDA /* MapReduce.m */ = {isa = PBXFileReference; fileEncoding = 4; lastKnownFileType = sourcecode.c.objc; path = MapReduce.m; sourceTree = "<group>"; };
		748C164C1A4BA9CB00D6EAC4 /* InvertedIndexMapReduce.h */ = {isa = PBXFileReference; fileEncoding = 4; lastKnownFileType = sourcecode.c.h; path = InvertedIndexMapReduce.h; sourceTree = "<group>"; };
		748C164D1A4BA9CB00D6EAC4 /* InvertedIndexMapReduce.m */ = {isa = PBXFileReference; fileEncoding = 4; lastKnownFileType = sourcecode.c.objc; path = InvertedIndexMapReduce.m; sourceTree = "<group>"; };
		74948A211A242A0800DB25A7 /* PriorityQueueAndHeapSort.h */ = {isa = PBXFileReference; fileEncoding = 4; lastKnownFileType = sourcecode.c.h; path = PriorityQueueAndHeapSort.h; sourceTree = "<group>"; };
		74948A221A242A0800DB25A7 /* PriorityQueueAndHeapSort.m */ = {isa = PBXFileReference; fileEncoding = 4; lastKnownFileType = sourcecode.c.objc; path = PriorityQueueAndHeapSort.m; sourceTree = "<group>"; };
		74BDDCB01A222C4A00325F0A /* BasicSortAlgorithms.h */ = {isa = PBXFileReference; fileEncoding = 4; lastKnownFileType = sourcecode.c.h; path = BasicSortAlgorithms.h; sourceTree = "<group>"; };
		74BDDCB11A222C4A00325F0A /* BasicSortAlgorithms.m */ = {isa = PBXFileReference; fileEncoding = 4; lastKnownFileType = sourcecode.c.objc; path = BasicSortAlgorithms.m; sourceTree = "<group>"; };
		74E063AE1A2EA9D000101405 /* BasicAlgorithmsItemBank.h */ = {isa = PBXFileReference; fileEncoding = 4; lastKnownFileType = sourcecode.c.h; path = BasicAlgorithmsItemBank.h; sourceTree = "<group>"; };
		74E063AF1A2EA9D000101405 /* BasicAlgorithmsItemBank.m */ = {isa = PBXFileReference; fileEncoding = 4; lastKnownFileType = sourcecode.c.objc; path = BasicAlgorithmsItemBank.m; sourceTree = "<group>"; };
		74E063B11A2EAACF00101405 /* BitOperation.h */ = {isa = PBXFileReference; fileEncoding = 4; lastKnownFileType = sourcecode.c.h; path = BitOperation.h; sourceTree = "<group>"; };
		74E063B21A2EAACF00101405 /* BitOperation.m */ = {isa = PBXFileReference; fileEncoding = 4; lastKnownFileType = sourcecode.c.objc; path = BitOperation.m; sourceTree = "<group>"; };
		74E388421A353CDC0040CB6E /* FountainCode.h */ = {isa = PBXFileReference; fileEncoding = 4; lastKnownFileType = sourcecode.c.h; path = FountainCode.h; sourceTree = "<group>"; };
		74E388431A353CDC0040CB6E /* FountainCode.m */ = {isa = PBXFileReference; fileEncoding = 4; lastKnownFileType = sourcecode.c.objc; path = FountainCode.m; sourceTree = "<group>"; };
		74E388451A353CE90040CB6E /* UndirectedGraphAlgorithms.h */ = {isa = PBXFileReference; fileEncoding = 4; lastKnownFileType = sourcecode.c.h; path = UndirectedGraphAlgorithms.h; sourceTree = "<group>"; };
		74E388461A353CE90040CB6E /* UndirectedGraphAlgorithms.m */ = {isa = PBXFileReference; fileEncoding = 4; lastKnownFileType = sourcecode.c.objc; path = UndirectedGraphAlgorithms.m; sourceTree = "<group>"; };
		74ED0B431A1AEDE2009D8357 /* QHComputerizedAlgorithm.app */ = {isa = PBXFileReference; explicitFileType = wrapper.application; includeInIndex = 0; path = QHComputerizedAlgorithm.app; sourceTree = BUILT_PRODUCTS_DIR; };
		74ED0B471A1AEDE2009D8357 /* Info.plist */ = {isa = PBXFileReference; lastKnownFileType = text.plist.xml; path = Info.plist; sourceTree = "<group>"; };
		74ED0B481A1AEDE2009D8357 /* main.m */ = {isa = PBXFileReference; lastKnownFileType = sourcecode.c.objc; path = main.m; sourceTree = "<group>"; };
		74ED0B4A1A1AEDE2009D8357 /* AppDelegate.h */ = {isa = PBXFileReference; lastKnownFileType = sourcecode.c.h; path = AppDelegate.h; sourceTree = "<group>"; };
		74ED0B4B1A1AEDE2009D8357 /* AppDelegate.m */ = {isa = PBXFileReference; lastKnownFileType = sourcecode.c.objc; path = AppDelegate.m; sourceTree = "<group>"; };
		74ED0B4D1A1AEDE2009D8357 /* MasterViewController.h */ = {isa = PBXFileReference; lastKnownFileType = sourcecode.c.h; path = MasterViewController.h; sourceTree = "<group>"; };
		74ED0B4E1A1AEDE2009D8357 /* MasterViewController.m */ = {isa = PBXFileReference; lastKnownFileType = sourcecode.c.objc; path = MasterViewController.m; sourceTree = "<group>"; };
		74ED0B501A1AEDE2009D8357 /* DetailViewController.h */ = {isa = PBXFileReference; lastKnownFileType = sourcecode.c.h; path = DetailViewController.h; sourceTree = "<group>"; };
		74ED0B511A1AEDE2009D8357 /* DetailViewController.m */ = {isa = PBXFileReference; lastKnownFileType = sourcecode.c.objc; path = DetailViewController.m; sourceTree = "<group>"; };
		74ED0B541A1AEDE2009D8357 /* Base */ = {isa = PBXFileReference; lastKnownFileType = file.storyboard; name = Base; path = Base.lproj/Main.storyboard; sourceTree = "<group>"; };
		74ED0B561A1AEDE2009D8357 /* Images.xcassets */ = {isa = PBXFileReference; lastKnownFileType = folder.assetcatalog; path = Images.xcassets; sourceTree = "<group>"; };
		74ED0B591A1AEDE2009D8357 /* Base */ = {isa = PBXFileReference; lastKnownFileType = file.xib; name = Base; path = Base.lproj/LaunchScreen.xib; sourceTree = "<group>"; };
		74ED0B5F1A1AEDE2009D8357 /* QHComputerizedAlgorithmTests.xctest */ = {isa = PBXFileReference; explicitFileType = wrapper.cfbundle; includeInIndex = 0; path = QHComputerizedAlgorithmTests.xctest; sourceTree = BUILT_PRODUCTS_DIR; };
		74ED0B641A1AEDE2009D8357 /* Info.plist */ = {isa = PBXFileReference; lastKnownFileType = text.plist.xml; path = Info.plist; sourceTree = "<group>"; };
		74ED0B651A1AEDE2009D8357 /* QHComputerizedAlgorithmTests.m */ = {isa = PBXFileReference; lastKnownFileType = sourcecode.c.objc; path = QHComputerizedAlgorithmTests.m; sourceTree = "<group>"; };
		74ED0B701A1AF530009D8357 /* RunCoding.h */ = {isa = PBXFileReference; fileEncoding = 4; lastKnownFileType = sourcecode.c.h; path = RunCoding.h; sourceTree = "<group>"; };
		74ED0B711A1AF530009D8357 /* RunCoding.m */ = {isa = PBXFileReference; fileEncoding = 4; lastKnownFileType = sourcecode.c.objc; path = RunCoding.m; sourceTree = "<group>"; };
		74ED0B731A1B2730009D8357 /* BitMapCode.h */ = {isa = PBXFileReference; fileEncoding = 4; lastKnownFileType = sourcecode.c.h; path = BitMapCode.h; sourceTree = "<group>"; };
		74ED0B741A1B2730009D8357 /* BitMapCode.m */ = {isa = PBXFileReference; fileEncoding = 4; lastKnownFileType = sourcecode.c.objc; path = BitMapCode.m; sourceTree = "<group>"; };
		74ED0B761A1B2946009D8357 /* BasicCodeObject.h */ = {isa = PBXFileReference; fileEncoding = 4; lastKnownFileType = sourcecode.c.h; path = BasicCodeObject.h; sourceTree = "<group>"; };
		74ED0B771A1B2946009D8357 /* BasicCodeObject.m */ = {isa = PBXFileReference; fileEncoding = 4; lastKnownFileType = sourcecode.c.objc; path = BasicCodeObject.m; sourceTree = "<group>"; };
		74ED28F21A1E50B3002317DC /* PrefixionCode.h */ = {isa = PBXFileReference; fileEncoding = 4; lastKnownFileType = sourcecode.c.h; path = PrefixionCode.h; sourceTree = "<group>"; };
		74ED28F31A1E50B3002317DC /* PrefixionCode.m */ = {isa = PBXFileReference; fileEncoding = 4; lastKnownFileType = sourcecode.c.objc; path = PrefixionCode.m; sourceTree = "<group>"; };
		74F3E11F1A2815AC00410317 /* HashTableSort.h */ = {isa = PBXFileReference; fileEncoding = 4; lastKnownFileType = sourcecode.c.h; path = HashTableSort.h; sourceTree = "<group>"; };
		74F3E1201A2815AC00410317 /* HashTableSort.m */ = {isa = PBXFileReference; fileEncoding = 4; lastKnownFileType = sourcecode.c.objc; path = HashTableSort.m; sourceTree = "<group>"; };
		74FD73B51A6F89EE005E62E0 /* BlockCipherAndSecurityArrangement.h */ = {isa = PBXFileReference; fileEncoding = 4; lastKnownFileType = sourcecode.c.h; path = BlockCipherAndSecurityArrangement.h; sourceTree = "<group>"; };
		74FD73B61A6F89EE005E62E0 /* BlockCipherAndSecurityArrangement.m */ = {isa = PBXFileReference; fileEncoding = 4; lastKnownFileType = sourcecode.c.objc; path = BlockCipherAndSecurityArrangement.m; sourceTree = "<group>"; };
		74FD73B81A6F8A89005E62E0 /* PuzzleTree.h */ = {isa = PBXFileReference; fileEncoding = 4; lastKnownFileType = sourcecode.c.h; path = PuzzleTree.h; sourceTree = "<group>"; };
		74FD73B91A6F8A89005E62E0 /* PuzzleTree.m */ = {isa = PBXFileReference; fileEncoding = 4; lastKnownFileType = sourcecode.c.objc; path = PuzzleTree.m; sourceTree = "<group>"; };
		74FD73BB1A6F9524005E62E0 /* DataEncodeOfHistoryPrincipleCompressionAlgorithms.h */ = {isa = PBXFileReference; fileEncoding = 4; lastKnownFileType = sourcecode.c.h; path = DataEncodeOfHistoryPrincipleCompressionAlgorithms.h; sourceTree = "<group>"; };
		74FD73BC1A6F9524005E62E0 /* DataEncodeOfHistoryPrincipleCompressionAlgorithms.m */ = {isa = PBXFileReference; fileEncoding = 4; lastKnownFileType = sourcecode.c.objc; path = DataEncodeOfHistoryPrincipleCompressionAlgorithms.m; sourceTree = "<group>"; };
/* End PBXFileReference section */

/* Begin PBXFrameworksBuildPhase section */
		74ED0B401A1AEDE2009D8357 /* Frameworks */ = {
			isa = PBXFrameworksBuildPhase;
			buildActionMask = 2147483647;
			files = (
			);
			runOnlyForDeploymentPostprocessing = 0;
		};
		74ED0B5C1A1AEDE2009D8357 /* Frameworks */ = {
			isa = PBXFrameworksBuildPhase;
			buildActionMask = 2147483647;
			files = (
			);
			runOnlyForDeploymentPostprocessing = 0;
		};
/* End PBXFrameworksBuildPhase section */

/* Begin PBXGroup section */
		7404F8671A215A1300DD89FF /* AlgorithmsAndDataStructures */ = {
			isa = PBXGroup;
			children = (
				7404F8681A215ACF00DD89FF /* BasicAlgorithmsAndDataStructuresObject.h */,
				7404F8691A215ACF00DD89FF /* BasicAlgorithmsAndDataStructuresObject.m */,
				7404F86B1A215AF800DD89FF /* StackAndQueue.h */,
				7404F86C1A215AF800DD89FF /* StackAndQueue.m */,
				74BDDCB01A222C4A00325F0A /* BasicSortAlgorithms.h */,
				74BDDCB11A222C4A00325F0A /* BasicSortAlgorithms.m */,
				74348A971A23864200BDDA5D /* MergeSort.h */,
				74348A981A23864200BDDA5D /* MergeSort.m */,
				74348A9A1A23874B00BDDA5D /* QuickSort.h */,
				74348A9B1A23874B00BDDA5D /* QuickSort.m */,
				74948A211A242A0800DB25A7 /* PriorityQueueAndHeapSort.h */,
				74948A221A242A0800DB25A7 /* PriorityQueueAndHeapSort.m */,
				744625FC1A256B64002EE2BC /* SymbolTableDictionary.h */,
				744625FD1A256B64002EE2BC /* SymbolTableDictionary.m */,
				744625FF1A257C77002EE2BC /* BinarySearchTree.h */,
				744626001A257C77002EE2BC /* BinarySearchTree.m */,
				744F05421A26BDA100783973 /* TwoThreeSearchTree.h */,
				744F05431A26BDA100783973 /* TwoThreeSearchTree.m */,
				744F05451A26CEB400783973 /* RedBlackTree.h */,
				744F05461A26CEB400783973 /* RedBlackTree.m */,
				744F05481A26FD8A00783973 /* BAndBplusTree.h */,
				744F05491A26FD8A00783973 /* BAndBplusTree.m */,
				74F3E11F1A2815AC00410317 /* HashTableSort.h */,
				74F3E1201A2815AC00410317 /* HashTableSort.m */,
				74E388451A353CE90040CB6E /* UndirectedGraphAlgorithms.h */,
				74E388461A353CE90040CB6E /* UndirectedGraphAlgorithms.m */,
			);
			name = AlgorithmsAndDataStructures;
			sourceTree = "<group>";
		};
		741B95521A37F85D000AE44D /* AlgorithmsSeries */ = {
			isa = PBXGroup;
			children = (
				741B95531A37F8B9000AE44D /* BasicAlgorithmsSeries.h */,
				741B95541A37F8B9000AE44D /* BasicAlgorithmsSeries.m */,
				741B95561A37F8EA000AE44D /* PancakeSort.h */,
				741B95571A37F8EA000AE44D /* PancakeSort.m */,
				741B95591A381963000AE44D /* CountSort.h */,
				741B955A1A381963000AE44D /* CountSort.m */,
				742EF6021A392DCB003D6AB6 /* PowerAlgorithms.h */,
				742EF6031A392DCB003D6AB6 /* PowerAlgorithms.m */,
			);
			name = AlgorithmsSeries;
			sourceTree = "<group>";
		};
		742869EA1A2BFEFB00FAF733 /* SuperCoolAlgorithms */ = {
			isa = PBXGroup;
			children = (
				742869EB1A2BFF3200FAF733 /* BasicSuperCoolAlgorithms.h */,
				742869EC1A2BFF3200FAF733 /* BasicSuperCoolAlgorithms.m */,
				742869EE1A2C039700FAF733 /* NumberEstimative.h */,
				742869EF1A2C039700FAF733 /* NumberEstimative.m */,
				742869F21A2C15CE00FAF733 /* BurkhardKellerTree.h */,
				742869F31A2C15CE00FAF733 /* BurkhardKellerTree.m */,
				74E388421A353CDC0040CB6E /* FountainCode.h */,
				74E388431A353CDC0040CB6E /* FountainCode.m */,
				743152851A59014900C63F0B /* LogStructuredFileSystems.h */,
				743152861A59014900C63F0B /* LogStructuredFileSystems.m */,
				74FD73B51A6F89EE005E62E0 /* BlockCipherAndSecurityArrangement.h */,
				74FD73B61A6F89EE005E62E0 /* BlockCipherAndSecurityArrangement.m */,
				74FD73B81A6F8A89005E62E0 /* PuzzleTree.h */,
				74FD73B91A6F8A89005E62E0 /* PuzzleTree.m */,
			);
			name = SuperCoolAlgorithms;
			sourceTree = "<group>";
		};
		74E063AD1A2EA94C00101405 /* AlgorithmsItemBack */ = {
			isa = PBXGroup;
			children = (
				74E063AE1A2EA9D000101405 /* BasicAlgorithmsItemBank.h */,
				74E063AF1A2EA9D000101405 /* BasicAlgorithmsItemBank.m */,
				74E063B11A2EAACF00101405 /* BitOperation.h */,
				74E063B21A2EAACF00101405 /* BitOperation.m */,
				745B511B1A3149A700B5AFDA /* MapReduce.h */,
				745B511C1A3149A700B5AFDA /* MapReduce.m */,
				748C164C1A4BA9CB00D6EAC4 /* InvertedIndexMapReduce.h */,
				748C164D1A4BA9CB00D6EAC4 /* InvertedIndexMapReduce.m */,
			);
			name = AlgorithmsItemBack;
			sourceTree = "<group>";
		};
		74ED0B3A1A1AEDE2009D8357 = {
			isa = PBXGroup;
			children = (
				74ED0B451A1AEDE2009D8357 /* QHComputerizedAlgorithm */,
				74ED0B621A1AEDE2009D8357 /* QHComputerizedAlgorithmTests */,
				74ED0B441A1AEDE2009D8357 /* Products */,
			);
			sourceTree = "<group>";
		};
		74ED0B441A1AEDE2009D8357 /* Products */ = {
			isa = PBXGroup;
			children = (
				74ED0B431A1AEDE2009D8357 /* QHComputerizedAlgorithm.app */,
				74ED0B5F1A1AEDE2009D8357 /* QHComputerizedAlgorithmTests.xctest */,
			);
			name = Products;
			sourceTree = "<group>";
		};
		74ED0B451A1AEDE2009D8357 /* QHComputerizedAlgorithm */ = {
			isa = PBXGroup;
			children = (
				74ED0B4A1A1AEDE2009D8357 /* AppDelegate.h */,
				74ED0B4B1A1AEDE2009D8357 /* AppDelegate.m */,
				74ED0B4D1A1AEDE2009D8357 /* MasterViewController.h */,
				74ED0B4E1A1AEDE2009D8357 /* MasterViewController.m */,
				74ED0B501A1AEDE2009D8357 /* DetailViewController.h */,
				74ED0B511A1AEDE2009D8357 /* DetailViewController.m */,
				741B95521A37F85D000AE44D /* AlgorithmsSeries */,
				74E063AD1A2EA94C00101405 /* AlgorithmsItemBack */,
				742869EA1A2BFEFB00FAF733 /* SuperCoolAlgorithms */,
				7404F8671A215A1300DD89FF /* AlgorithmsAndDataStructures */,
				74ED0B6F1A1AF498009D8357 /* DataEncode */,
				74ED0B531A1AEDE2009D8357 /* Main.storyboard */,
				74ED0B561A1AEDE2009D8357 /* Images.xcassets */,
				74ED0B581A1AEDE2009D8357 /* LaunchScreen.xib */,
				74ED0B461A1AEDE2009D8357 /* Supporting Files */,
			);
			path = QHComputerizedAlgorithm;
			sourceTree = "<group>";
		};
		74ED0B461A1AEDE2009D8357 /* Supporting Files */ = {
			isa = PBXGroup;
			children = (
				74ED0B471A1AEDE2009D8357 /* Info.plist */,
				74ED0B481A1AEDE2009D8357 /* main.m */,
			);
			name = "Supporting Files";
			sourceTree = "<group>";
		};
		74ED0B621A1AEDE2009D8357 /* QHComputerizedAlgorithmTests */ = {
			isa = PBXGroup;
			children = (
				74ED0B651A1AEDE2009D8357 /* QHComputerizedAlgorithmTests.m */,
				74ED0B631A1AEDE2009D8357 /* Supporting Files */,
			);
			path = QHComputerizedAlgorithmTests;
			sourceTree = "<group>";
		};
		74ED0B631A1AEDE2009D8357 /* Supporting Files */ = {
			isa = PBXGroup;
			children = (
				74ED0B641A1AEDE2009D8357 /* Info.plist */,
			);
			name = "Supporting Files";
			sourceTree = "<group>";
		};
		74ED0B6F1A1AF498009D8357 /* DataEncode */ = {
			isa = PBXGroup;
			children = (
				74ED0B761A1B2946009D8357 /* BasicCodeObject.h */,
				74ED0B771A1B2946009D8357 /* BasicCodeObject.m */,
				74ED0B701A1AF530009D8357 /* RunCoding.h */,
				74ED0B711A1AF530009D8357 /* RunCoding.m */,
				74ED0B731A1B2730009D8357 /* BitMapCode.h */,
				74ED0B741A1B2730009D8357 /* BitMapCode.m */,
				743FFCC11A1D902400F645A6 /* MapAndModeCode.h */,
				743FFCC21A1D902400F645A6 /* MapAndModeCode.m */,
				743FFCC41A1D95DF00F645A6 /* ios-basic.css */,
				743FFCC61A1D9D1A00F645A6 /* RelativeCoding.h */,
				743FFCC71A1D9D1A00F645A6 /* RelativeCoding.m */,
				74ED28F21A1E50B3002317DC /* PrefixionCode.h */,
				74ED28F31A1E50B3002317DC /* PrefixionCode.m */,
				74FD73BB1A6F9524005E62E0 /* DataEncodeOfHistoryPrincipleCompressionAlgorithms.h */,
				74FD73BC1A6F9524005E62E0 /* DataEncodeOfHistoryPrincipleCompressionAlgorithms.m */,
			);
			name = DataEncode;
			sourceTree = "<group>";
		};
/* End PBXGroup section */

/* Begin PBXNativeTarget section */
		74ED0B421A1AEDE2009D8357 /* QHComputerizedAlgorithm */ = {
			isa = PBXNativeTarget;
			buildConfigurationList = 74ED0B691A1AEDE2009D8357 /* Build configuration list for PBXNativeTarget "QHComputerizedAlgorithm" */;
			buildPhases = (
				74ED0B3F1A1AEDE2009D8357 /* Sources */,
				74ED0B401A1AEDE2009D8357 /* Frameworks */,
				74ED0B411A1AEDE2009D8357 /* Resources */,
			);
			buildRules = (
			);
			dependencies = (
			);
			name = QHComputerizedAlgorithm;
			productName = QHComputerizedAlgorithm;
			productReference = 74ED0B431A1AEDE2009D8357 /* QHComputerizedAlgorithm.app */;
			productType = "com.apple.product-type.application";
		};
		74ED0B5E1A1AEDE2009D8357 /* QHComputerizedAlgorithmTests */ = {
			isa = PBXNativeTarget;
			buildConfigurationList = 74ED0B6C1A1AEDE2009D8357 /* Build configuration list for PBXNativeTarget "QHComputerizedAlgorithmTests" */;
			buildPhases = (
				74ED0B5B1A1AEDE2009D8357 /* Sources */,
				74ED0B5C1A1AEDE2009D8357 /* Frameworks */,
				74ED0B5D1A1AEDE2009D8357 /* Resources */,
			);
			buildRules = (
			);
			dependencies = (
				74ED0B611A1AEDE2009D8357 /* PBXTargetDependency */,
			);
			name = QHComputerizedAlgorithmTests;
			productName = QHComputerizedAlgorithmTests;
			productReference = 74ED0B5F1A1AEDE2009D8357 /* QHComputerizedAlgorithmTests.xctest */;
			productType = "com.apple.product-type.bundle.unit-test";
		};
/* End PBXNativeTarget section */

/* Begin PBXProject section */
		74ED0B3B1A1AEDE2009D8357 /* Project object */ = {
			isa = PBXProject;
			attributes = {
				LastUpgradeCheck = 0610;
				ORGANIZATIONNAME = chen;
				TargetAttributes = {
					74ED0B421A1AEDE2009D8357 = {
						CreatedOnToolsVersion = 6.1;
					};
					74ED0B5E1A1AEDE2009D8357 = {
						CreatedOnToolsVersion = 6.1;
						TestTargetID = 74ED0B421A1AEDE2009D8357;
					};
				};
			};
			buildConfigurationList = 74ED0B3E1A1AEDE2009D8357 /* Build configuration list for PBXProject "QHComputerizedAlgorithm" */;
			compatibilityVersion = "Xcode 3.2";
			developmentRegion = English;
			hasScannedForEncodings = 0;
			knownRegions = (
				en,
				Base,
			);
			mainGroup = 74ED0B3A1A1AEDE2009D8357;
			productRefGroup = 74ED0B441A1AEDE2009D8357 /* Products */;
			projectDirPath = "";
			projectRoot = "";
			targets = (
				74ED0B421A1AEDE2009D8357 /* QHComputerizedAlgorithm */,
				74ED0B5E1A1AEDE2009D8357 /* QHComputerizedAlgorithmTests */,
			);
		};
/* End PBXProject section */

/* Begin PBXResourcesBuildPhase section */
		74ED0B411A1AEDE2009D8357 /* Resources */ = {
			isa = PBXResourcesBuildPhase;
			buildActionMask = 2147483647;
			files = (
				74ED0B551A1AEDE2009D8357 /* Main.storyboard in Resources */,
				74ED0B5A1A1AEDE2009D8357 /* LaunchScreen.xib in Resources */,
				743FFCC51A1D95DF00F645A6 /* ios-basic.css in Resources */,
				74ED0B571A1AEDE2009D8357 /* Images.xcassets in Resources */,
			);
			runOnlyForDeploymentPostprocessing = 0;
		};
		74ED0B5D1A1AEDE2009D8357 /* Resources */ = {
			isa = PBXResourcesBuildPhase;
			buildActionMask = 2147483647;
			files = (
			);
			runOnlyForDeploymentPostprocessing = 0;
		};
/* End PBXResourcesBuildPhase section */

/* Begin PBXSourcesBuildPhase section */
		74ED0B3F1A1AEDE2009D8357 /* Sources */ = {
			isa = PBXSourcesBuildPhase;
			buildActionMask = 2147483647;
			files = (
				74348A991A23864200BDDA5D /* MergeSort.m in Sources */,
				744F05471A26CEB400783973 /* RedBlackTree.m in Sources */,
				74ED0B4C1A1AEDE2009D8357 /* AppDelegate.m in Sources */,
				741B95581A37F8EA000AE44D /* PancakeSort.m in Sources */,
				74E388441A353CDC0040CB6E /* FountainCode.m in Sources */,
				74ED0B721A1AF530009D8357 /* RunCoding.m in Sources */,
				745B511D1A3149A700B5AFDA /* MapReduce.m in Sources */,
				74E063B01A2EA9D000101405 /* BasicAlgorithmsItemBank.m in Sources */,
				74FD73B71A6F89EE005E62E0 /* BlockCipherAndSecurityArrangement.m in Sources */,
				744F05441A26BDA100783973 /* TwoThreeSearchTree.m in Sources */,
				74ED0B4F1A1AEDE2009D8357 /* MasterViewController.m in Sources */,
				744626011A257C77002EE2BC /* BinarySearchTree.m in Sources */,
				74BDDCB21A222C4A00325F0A /* BasicSortAlgorithms.m in Sources */,
				743152871A59014900C63F0B /* LogStructuredFileSystems.m in Sources */,
				741B95551A37F8B9000AE44D /* BasicAlgorithmsSeries.m in Sources */,
				744F054A1A26FD8A00783973 /* BAndBplusTree.m in Sources */,
				742869F01A2C039700FAF733 /* NumberEstimative.m in Sources */,
				742869F41A2C15CE00FAF733 /* BurkhardKellerTree.m in Sources */,
				74948A231A242A0800DB25A7 /* PriorityQueueAndHeapSort.m in Sources */,
				74FD73BA1A6F8A89005E62E0 /* PuzzleTree.m in Sources */,
				742869ED1A2BFF3200FAF733 /* BasicSuperCoolAlgorithms.m in Sources */,
				74ED28F41A1E50B3002317DC /* PrefixionCode.m in Sources */,
				742EF6041A392DCB003D6AB6 /* PowerAlgorithms.m in Sources */,
				74E388471A353CE90040CB6E /* UndirectedGraphAlgorithms.m in Sources */,
				7404F86D1A215AF800DD89FF /* StackAndQueue.m in Sources */,
				74348A9C1A23874B00BDDA5D /* QuickSort.m in Sources */,
				74ED0B751A1B2730009D8357 /* BitMapCode.m in Sources */,
				743FFCC31A1D902400F645A6 /* MapAndModeCode.m in Sources */,
				744625FE1A256B64002EE2BC /* SymbolTableDictionary.m in Sources */,
				748C164E1A4BA9CB00D6EAC4 /* InvertedIndexMapReduce.m in Sources */,
				74FD73BD1A6F9524005E62E0 /* DataEncodeOfHistoryPrincipleCompressionAlgorithms.m in Sources */,
				74E063B31A2EAACF00101405 /* BitOperation.m in Sources */,
				741B955B1A381963000AE44D /* CountSort.m in Sources */,
				74ED0B781A1B2946009D8357 /* BasicCodeObject.m in Sources */,
				743FFCC81A1D9D1A00F645A6 /* RelativeCoding.m in Sources */,
				74F3E1211A2815AC00410317 /* HashTableSort.m in Sources */,
				74ED0B491A1AEDE2009D8357 /* main.m in Sources */,
				74ED0B521A1AEDE2009D8357 /* DetailViewController.m in Sources */,
				7404F86A1A215ACF00DD89FF /* BasicAlgorithmsAndDataStructuresObject.m in Sources */,
			);
			runOnlyForDeploymentPostprocessing = 0;
		};
		74ED0B5B1A1AEDE2009D8357 /* Sources */ = {
			isa = PBXSourcesBuildPhase;
			buildActionMask = 2147483647;
			files = (
				74ED0B661A1AEDE2009D8357 /* QHComputerizedAlgorithmTests.m in Sources */,
			);
			runOnlyForDeploymentPostprocessing = 0;
		};
/* End PBXSourcesBuildPhase section */

/* Begin PBXTargetDependency section */
		74ED0B611A1AEDE2009D8357 /* PBXTargetDependency */ = {
			isa = PBXTargetDependency;
			target = 74ED0B421A1AEDE2009D8357 /* QHComputerizedAlgorithm */;
			targetProxy = 74ED0B601A1AEDE2009D8357 /* PBXContainerItemProxy */;
		};
/* End PBXTargetDependency section */

/* Begin PBXVariantGroup section */
		74ED0B531A1AEDE2009D8357 /* Main.storyboard */ = {
			isa = PBXVariantGroup;
			children = (
				74ED0B541A1AEDE2009D8357 /* Base */,
			);
			name = Main.storyboard;
			sourceTree = "<group>";
		};
		74ED0B581A1AEDE2009D8357 /* LaunchScreen.xib */ = {
			isa = PBXVariantGroup;
			children = (
				74ED0B591A1AEDE2009D8357 /* Base */,
			);
			name = LaunchScreen.xib;
			sourceTree = "<group>";
		};
/* End PBXVariantGroup section */

/* Begin XCBuildConfiguration section */
		74ED0B671A1AEDE2009D8357 /* Debug */ = {
			isa = XCBuildConfiguration;
			buildSettings = {
				ALWAYS_SEARCH_USER_PATHS = NO;
				CLANG_CXX_LANGUAGE_STANDARD = "gnu++0x";
				CLANG_CXX_LIBRARY = "libc++";
				CLANG_ENABLE_MODULES = YES;
				CLANG_ENABLE_OBJC_ARC = YES;
				CLANG_WARN_BOOL_CONVERSION = YES;
				CLANG_WARN_CONSTANT_CONVERSION = YES;
				CLANG_WARN_DIRECT_OBJC_ISA_USAGE = YES_ERROR;
				CLANG_WARN_EMPTY_BODY = YES;
				CLANG_WARN_ENUM_CONVERSION = YES;
				CLANG_WARN_INT_CONVERSION = YES;
				CLANG_WARN_OBJC_ROOT_CLASS = YES_ERROR;
				CLANG_WARN_UNREACHABLE_CODE = YES;
				CLANG_WARN__DUPLICATE_METHOD_MATCH = YES;
				"CODE_SIGN_IDENTITY[sdk=iphoneos*]" = "iPhone Developer";
				COPY_PHASE_STRIP = NO;
				ENABLE_STRICT_OBJC_MSGSEND = YES;
				GCC_C_LANGUAGE_STANDARD = gnu99;
				GCC_DYNAMIC_NO_PIC = NO;
				GCC_OPTIMIZATION_LEVEL = 0;
				GCC_PREPROCESSOR_DEFINITIONS = (
					"DEBUG=1",
					"$(inherited)",
				);
				GCC_SYMBOLS_PRIVATE_EXTERN = NO;
				GCC_WARN_64_TO_32_BIT_CONVERSION = YES;
				GCC_WARN_ABOUT_RETURN_TYPE = YES_ERROR;
				GCC_WARN_UNDECLARED_SELECTOR = YES;
				GCC_WARN_UNINITIALIZED_AUTOS = YES_AGGRESSIVE;
				GCC_WARN_UNUSED_FUNCTION = YES;
				GCC_WARN_UNUSED_VARIABLE = YES;
				IPHONEOS_DEPLOYMENT_TARGET = 8.1;
				MTL_ENABLE_DEBUG_INFO = YES;
				ONLY_ACTIVE_ARCH = YES;
				SDKROOT = iphoneos;
			};
			name = Debug;
		};
		74ED0B681A1AEDE2009D8357 /* Release */ = {
			isa = XCBuildConfiguration;
			buildSettings = {
				ALWAYS_SEARCH_USER_PATHS = NO;
				CLANG_CXX_LANGUAGE_STANDARD = "gnu++0x";
				CLANG_CXX_LIBRARY = "libc++";
				CLANG_ENABLE_MODULES = YES;
				CLANG_ENABLE_OBJC_ARC = YES;
				CLANG_WARN_BOOL_CONVERSION = YES;
				CLANG_WARN_CONSTANT_CONVERSION = YES;
				CLANG_WARN_DIRECT_OBJC_ISA_USAGE = YES_ERROR;
				CLANG_WARN_EMPTY_BODY = YES;
				CLANG_WARN_ENUM_CONVERSION = YES;
				CLANG_WARN_INT_CONVERSION = YES;
				CLANG_WARN_OBJC_ROOT_CLASS = YES_ERROR;
				CLANG_WARN_UNREACHABLE_CODE = YES;
				CLANG_WARN__DUPLICATE_METHOD_MATCH = YES;
				"CODE_SIGN_IDENTITY[sdk=iphoneos*]" = "iPhone Developer";
				COPY_PHASE_STRIP = YES;
				ENABLE_NS_ASSERTIONS = NO;
				ENABLE_STRICT_OBJC_MSGSEND = YES;
				GCC_C_LANGUAGE_STANDARD = gnu99;
				GCC_WARN_64_TO_32_BIT_CONVERSION = YES;
				GCC_WARN_ABOUT_RETURN_TYPE = YES_ERROR;
				GCC_WARN_UNDECLARED_SELECTOR = YES;
				GCC_WARN_UNINITIALIZED_AUTOS = YES_AGGRESSIVE;
				GCC_WARN_UNUSED_FUNCTION = YES;
				GCC_WARN_UNUSED_VARIABLE = YES;
				IPHONEOS_DEPLOYMENT_TARGET = 8.1;
				MTL_ENABLE_DEBUG_INFO = NO;
				SDKROOT = iphoneos;
				VALIDATE_PRODUCT = YES;
			};
			name = Release;
		};
		74ED0B6A1A1AEDE2009D8357 /* Debug */ = {
			isa = XCBuildConfiguration;
			buildSettings = {
				ASSETCATALOG_COMPILER_APPICON_NAME = AppIcon;
				INFOPLIST_FILE = QHComputerizedAlgorithm/Info.plist;
				LD_RUNPATH_SEARCH_PATHS = "$(inherited) @executable_path/Frameworks";
				PRODUCT_NAME = "$(TARGET_NAME)";
				VALID_ARCHS = "arm64 armv7";
			};
			name = Debug;
		};
		74ED0B6B1A1AEDE2009D8357 /* Release */ = {
			isa = XCBuildConfiguration;
			buildSettings = {
				ASSETCATALOG_COMPILER_APPICON_NAME = AppIcon;
				INFOPLIST_FILE = QHComputerizedAlgorithm/Info.plist;
				LD_RUNPATH_SEARCH_PATHS = "$(inherited) @executable_path/Frameworks";
				PRODUCT_NAME = "$(TARGET_NAME)";
				VALID_ARCHS = "arm64 armv7";
			};
			name = Release;
		};
		74ED0B6D1A1AEDE2009D8357 /* Debug */ = {
			isa = XCBuildConfiguration;
			buildSettings = {
				BUNDLE_LOADER = "$(TEST_HOST)";
				FRAMEWORK_SEARCH_PATHS = (
					"$(SDKROOT)/Developer/Library/Frameworks",
					"$(inherited)",
				);
				GCC_PREPROCESSOR_DEFINITIONS = (
					"DEBUG=1",
					"$(inherited)",
				);
				INFOPLIST_FILE = QHComputerizedAlgorithmTests/Info.plist;
				LD_RUNPATH_SEARCH_PATHS = "$(inherited) @executable_path/Frameworks @loader_path/Frameworks";
				PRODUCT_NAME = "$(TARGET_NAME)";
				TEST_HOST = "$(BUILT_PRODUCTS_DIR)/QHComputerizedAlgorithm.app/QHComputerizedAlgorithm";
			};
			name = Debug;
		};
		74ED0B6E1A1AEDE2009D8357 /* Release */ = {
			isa = XCBuildConfiguration;
			buildSettings = {
				BUNDLE_LOADER = "$(TEST_HOST)";
				FRAMEWORK_SEARCH_PATHS = (
					"$(SDKROOT)/Developer/Library/Frameworks",
					"$(inherited)",
				);
				INFOPLIST_FILE = QHComputerizedAlgorithmTests/Info.plist;
				LD_RUNPATH_SEARCH_PATHS = "$(inherited) @executable_path/Frameworks @loader_path/Frameworks";
				PRODUCT_NAME = "$(TARGET_NAME)";
				TEST_HOST = "$(BUILT_PRODUCTS_DIR)/QHComputerizedAlgorithm.app/QHComputerizedAlgorithm";
			};
			name = Release;
		};
/* End XCBuildConfiguration section */

/* Begin XCConfigurationList section */
		74ED0B3E1A1AEDE2009D8357 /* Build configuration list for PBXProject "QHComputerizedAlgorithm" */ = {
			isa = XCConfigurationList;
			buildConfigurations = (
				74ED0B671A1AEDE2009D8357 /* Debug */,
				74ED0B681A1AEDE2009D8357 /* Release */,
			);
			defaultConfigurationIsVisible = 0;
			defaultConfigurationName = Release;
		};
		74ED0B691A1AEDE2009D8357 /* Build configuration list for PBXNativeTarget "QHComputerizedAlgorithm" */ = {
			isa = XCConfigurationList;
			buildConfigurations = (
				74ED0B6A1A1AEDE2009D8357 /* Debug */,
				74ED0B6B1A1AEDE2009D8357 /* Release */,
			);
			defaultConfigurationIsVisible = 0;
			defaultConfigurationName = Release;
		};
		74ED0B6C1A1AEDE2009D8357 /* Build configuration list for PBXNativeTarget "QHComputerizedAlgorithmTests" */ = {
			isa = XCConfigurationList;
			buildConfigurations = (
				74ED0B6D1A1AEDE2009D8357 /* Debug */,
				74ED0B6E1A1AEDE2009D8357 /* Release */,
			);
			defaultConfigurationIsVisible = 0;
			defaultConfigurationName = Release;
		};
/* End XCConfigurationList section */
	};
	rootObject = 74ED0B3B1A1AEDE2009D8357 /* Project object */;
}
