// !$*UTF8*$!
{
	archiveVersion = 1;
	classes = {
	};
	objectVersion = 46;
	objects = {

/* Begin PBXBuildFile section */
		74ED0B491A1AEDE2009D8357 /* main.m in Sources */ = {isa = PBXBuildFile; fileRef = 74ED0B481A1AEDE2009D8357 /* main.m */; };
		74ED0B4C1A1AEDE2009D8357 /* AppDelegate.m in Sources */ = {isa = PBXBuildFile; fileRef = 74ED0B4B1A1AEDE2009D8357 /* AppDelegate.m */; };
		74ED0B4F1A1AEDE2009D8357 /* MasterViewController.m in Sources */ = {isa = PBXBuildFile; fileRef = 74ED0B4E1A1AEDE2009D8357 /* MasterViewController.m */; };
		74ED0B521A1AEDE2009D8357 /* DetailViewController.m in Sources */ = {isa = PBXBuildFile; fileRef = 74ED0B511A1AEDE2009D8357 /* DetailViewController.m */; };
		74ED0B551A1AEDE2009D8357 /* Main.storyboard in Resources */ = {isa = PBXBuildFile; fileRef = 74ED0B531A1AEDE2009D8357 /* Main.storyboard */; };
		74ED0B571A1AEDE2009D8357 /* Images.xcassets in Resources */ = {isa = PBXBuildFile; fileRef = 74ED0B561A1AEDE2009D8357 /* Images.xcassets */; };
		74ED0B5A1A1AEDE2009D8357 /* LaunchScreen.xib in Resources */ = {isa = PBXBuildFile; fileRef = 74ED0B581A1AEDE2009D8357 /* LaunchScreen.xib */; };
		74ED0B661A1AEDE2009D8357 /* QHComputerizedAlgorithmTests.m in Sources */ = {isa = PBXBuildFile; fileRef = 74ED0B651A1AEDE2009D8357 /* QHComputerizedAlgorithmTests.m */; };
		74ED0B721A1AF530009D8357 /* RunCoding.m in Sources */ = {isa = PBXBuildFile; fileRef = 74ED0B711A1AF530009D8357 /* RunCoding.m */; };
		74ED0B751A1B2730009D8357 /* BitMapCode.m in Sources */ = {isa = PBXBuildFile; fileRef = 74ED0B741A1B2730009D8357 /* BitMapCode.m */; };
		74ED0B781A1B2946009D8357 /* BasicCodeObject.m in Sources */ = {isa = PBXBuildFile; fileRef = 74ED0B771A1B2946009D8357 /* BasicCodeObject.m */; };
/* End PBXBuildFile section */

/* Begin PBXContainerItemProxy section */
		74ED0B601A1AEDE2009D8357 /* PBXContainerItemProxy */ = {
			isa = PBXContainerItemProxy;
			containerPortal = 74ED0B3B1A1AEDE2009D8357 /* Project object */;
			proxyType = 1;
			remoteGlobalIDString = 74ED0B421A1AEDE2009D8357;
			remoteInfo = QHComputerizedAlgorithm;
		};
/* End PBXContainerItemProxy section */

/* Begin PBXFileReference section */
		74ED0B431A1AEDE2009D8357 /* QHComputerizedAlgorithm.app */ = {isa = PBXFileReference; explicitFileType = wrapper.application; includeInIndex = 0; path = QHComputerizedAlgorithm.app; sourceTree = BUILT_PRODUCTS_DIR; };
		74ED0B471A1AEDE2009D8357 /* Info.plist */ = {isa = PBXFileReference; lastKnownFileType = text.plist.xml; path = Info.plist; sourceTree = "<group>"; };
		74ED0B481A1AEDE2009D8357 /* main.m */ = {isa = PBXFileReference; lastKnownFileType = sourcecode.c.objc; path = main.m; sourceTree = "<group>"; };
		74ED0B4A1A1AEDE2009D8357 /* AppDelegate.h */ = {isa = PBXFileReference; lastKnownFileType = sourcecode.c.h; path = AppDelegate.h; sourceTree = "<group>"; };
		74ED0B4B1A1AEDE2009D8357 /* AppDelegate.m */ = {isa = PBXFileReference; lastKnownFileType = sourcecode.c.objc; path = AppDelegate.m; sourceTree = "<group>"; };
		74ED0B4D1A1AEDE2009D8357 /* MasterViewController.h */ = {isa = PBXFileReference; lastKnownFileType = sourcecode.c.h; path = MasterViewController.h; sourceTree = "<group>"; };
		74ED0B4E1A1AEDE2009D8357 /* MasterViewController.m */ = {isa = PBXFileReference; lastKnownFileType = sourcecode.c.objc; path = MasterViewController.m; sourceTree = "<group>"; };
		74ED0B501A1AEDE2009D8357 /* DetailViewController.h */ = {isa = PBXFileReference; lastKnownFileType = sourcecode.c.h; path = DetailViewController.h; sourceTree = "<group>"; };
		74ED0B511A1AEDE2009D8357 /* DetailViewController.m */ = {isa = PBXFileReference; lastKnownFileType = sourcecode.c.objc; path = DetailViewController.m; sourceTree = "<group>"; };
		74ED0B541A1AEDE2009D8357 /* Base */ = {isa = PBXFileReference; lastKnownFileType = file.storyboard; name = Base; path = Base.lproj/Main.storyboard; sourceTree = "<group>"; };
		74ED0B561A1AEDE2009D8357 /* Images.xcassets */ = {isa = PBXFileReference; lastKnownFileType = folder.assetcatalog; path = Images.xcassets; sourceTree = "<group>"; };
		74ED0B591A1AEDE2009D8357 /* Base */ = {isa = PBXFileReference; lastKnownFileType = file.xib; name = Base; path = Base.lproj/LaunchScreen.xib; sourceTree = "<group>"; };
		74ED0B5F1A1AEDE2009D8357 /* QHComputerizedAlgorithmTests.xctest */ = {isa = PBXFileReference; explicitFileType = wrapper.cfbundle; includeInIndex = 0; path = QHComputerizedAlgorithmTests.xctest; sourceTree = BUILT_PRODUCTS_DIR; };
		74ED0B641A1AEDE2009D8357 /* Info.plist */ = {isa = PBXFileReference; lastKnownFileType = text.plist.xml; path = Info.plist; sourceTree = "<group>"; };
		74ED0B651A1AEDE2009D8357 /* QHComputerizedAlgorithmTests.m */ = {isa = PBXFileReference; lastKnownFileType = sourcecode.c.objc; path = QHComputerizedAlgorithmTests.m; sourceTree = "<group>"; };
		74ED0B701A1AF530009D8357 /* RunCoding.h */ = {isa = PBXFileReference; fileEncoding = 4; lastKnownFileType = sourcecode.c.h; path = RunCoding.h; sourceTree = "<group>"; };
		74ED0B711A1AF530009D8357 /* RunCoding.m */ = {isa = PBXFileReference; fileEncoding = 4; lastKnownFileType = sourcecode.c.objc; path = RunCoding.m; sourceTree = "<group>"; };
		74ED0B731A1B2730009D8357 /* BitMapCode.h */ = {isa = PBXFileReference; fileEncoding = 4; lastKnownFileType = sourcecode.c.h; path = BitMapCode.h; sourceTree = "<group>"; };
		74ED0B741A1B2730009D8357 /* BitMapCode.m */ = {isa = PBXFileReference; fileEncoding = 4; lastKnownFileType = sourcecode.c.objc; path = BitMapCode.m; sourceTree = "<group>"; };
		74ED0B761A1B2946009D8357 /* BasicCodeObject.h */ = {isa = PBXFileReference; fileEncoding = 4; lastKnownFileType = sourcecode.c.h; path = BasicCodeObject.h; sourceTree = "<group>"; };
		74ED0B771A1B2946009D8357 /* BasicCodeObject.m */ = {isa = PBXFileReference; fileEncoding = 4; lastKnownFileType = sourcecode.c.objc; path = BasicCodeObject.m; sourceTree = "<group>"; };
/* End PBXFileReference section */

/* Begin PBXFrameworksBuildPhase section */
		74ED0B401A1AEDE2009D8357 /* Frameworks */ = {
			isa = PBXFrameworksBuildPhase;
			buildActionMask = 2147483647;
			files = (
			);
			runOnlyForDeploymentPostprocessing = 0;
		};
		74ED0B5C1A1AEDE2009D8357 /* Frameworks */ = {
			isa = PBXFrameworksBuildPhase;
			buildActionMask = 2147483647;
			files = (
			);
			runOnlyForDeploymentPostprocessing = 0;
		};
/* End PBXFrameworksBuildPhase section */

/* Begin PBXGroup section */
		74ED0B3A1A1AEDE2009D8357 = {
			isa = PBXGroup;
			children = (
				74ED0B451A1AEDE2009D8357 /* QHComputerizedAlgorithm */,
				74ED0B621A1AEDE2009D8357 /* QHComputerizedAlgorithmTests */,
				74ED0B441A1AEDE2009D8357 /* Products */,
			);
			sourceTree = "<group>";
		};
		74ED0B441A1AEDE2009D8357 /* Products */ = {
			isa = PBXGroup;
			children = (
				74ED0B431A1AEDE2009D8357 /* QHComputerizedAlgorithm.app */,
				74ED0B5F1A1AEDE2009D8357 /* QHComputerizedAlgorithmTests.xctest */,
			);
			name = Products;
			sourceTree = "<group>";
		};
		74ED0B451A1AEDE2009D8357 /* QHComputerizedAlgorithm */ = {
			isa = PBXGroup;
			children = (
				74ED0B4A1A1AEDE2009D8357 /* AppDelegate.h */,
				74ED0B4B1A1AEDE2009D8357 /* AppDelegate.m */,
				74ED0B4D1A1AEDE2009D8357 /* MasterViewController.h */,
				74ED0B4E1A1AEDE2009D8357 /* MasterViewController.m */,
				74ED0B501A1AEDE2009D8357 /* DetailViewController.h */,
				74ED0B511A1AEDE2009D8357 /* DetailViewController.m */,
				74ED0B6F1A1AF498009D8357 /* GameEncode */,
				74ED0B531A1AEDE2009D8357 /* Main.storyboard */,
				74ED0B561A1AEDE2009D8357 /* Images.xcassets */,
				74ED0B581A1AEDE2009D8357 /* LaunchScreen.xib */,
				74ED0B461A1AEDE2009D8357 /* Supporting Files */,
			);
			path = QHComputerizedAlgorithm;
			sourceTree = "<group>";
		};
		74ED0B461A1AEDE2009D8357 /* Supporting Files */ = {
			isa = PBXGroup;
			children = (
				74ED0B471A1AEDE2009D8357 /* Info.plist */,
				74ED0B481A1AEDE2009D8357 /* main.m */,
			);
			name = "Supporting Files";
			sourceTree = "<group>";
		};
		74ED0B621A1AEDE2009D8357 /* QHComputerizedAlgorithmTests */ = {
			isa = PBXGroup;
			children = (
				74ED0B651A1AEDE2009D8357 /* QHComputerizedAlgorithmTests.m */,
				74ED0B631A1AEDE2009D8357 /* Supporting Files */,
			);
			path = QHComputerizedAlgorithmTests;
			sourceTree = "<group>";
		};
		74ED0B631A1AEDE2009D8357 /* Supporting Files */ = {
			isa = PBXGroup;
			children = (
				74ED0B641A1AEDE2009D8357 /* Info.plist */,
			);
			name = "Supporting Files";
			sourceTree = "<group>";
		};
		74ED0B6F1A1AF498009D8357 /* GameEncode */ = {
			isa = PBXGroup;
			children = (
				74ED0B761A1B2946009D8357 /* BasicCodeObject.h */,
				74ED0B771A1B2946009D8357 /* BasicCodeObject.m */,
				74ED0B701A1AF530009D8357 /* RunCoding.h */,
				74ED0B711A1AF530009D8357 /* RunCoding.m */,
				74ED0B731A1B2730009D8357 /* BitMapCode.h */,
				74ED0B741A1B2730009D8357 /* BitMapCode.m */,
			);
			name = GameEncode;
			sourceTree = "<group>";
		};
/* End PBXGroup section */

/* Begin PBXNativeTarget section */
		74ED0B421A1AEDE2009D8357 /* QHComputerizedAlgorithm */ = {
			isa = PBXNativeTarget;
			buildConfigurationList = 74ED0B691A1AEDE2009D8357 /* Build configuration list for PBXNativeTarget "QHComputerizedAlgorithm" */;
			buildPhases = (
				74ED0B3F1A1AEDE2009D8357 /* Sources */,
				74ED0B401A1AEDE2009D8357 /* Frameworks */,
				74ED0B411A1AEDE2009D8357 /* Resources */,
			);
			buildRules = (
			);
			dependencies = (
			);
			name = QHComputerizedAlgorithm;
			productName = QHComputerizedAlgorithm;
			productReference = 74ED0B431A1AEDE2009D8357 /* QHComputerizedAlgorithm.app */;
			productType = "com.apple.product-type.application";
		};
		74ED0B5E1A1AEDE2009D8357 /* QHComputerizedAlgorithmTests */ = {
			isa = PBXNativeTarget;
			buildConfigurationList = 74ED0B6C1A1AEDE2009D8357 /* Build configuration list for PBXNativeTarget "QHComputerizedAlgorithmTests" */;
			buildPhases = (
				74ED0B5B1A1AEDE2009D8357 /* Sources */,
				74ED0B5C1A1AEDE2009D8357 /* Frameworks */,
				74ED0B5D1A1AEDE2009D8357 /* Resources */,
			);
			buildRules = (
			);
			dependencies = (
				74ED0B611A1AEDE2009D8357 /* PBXTargetDependency */,
			);
			name = QHComputerizedAlgorithmTests;
			productName = QHComputerizedAlgorithmTests;
			productReference = 74ED0B5F1A1AEDE2009D8357 /* QHComputerizedAlgorithmTests.xctest */;
			productType = "com.apple.product-type.bundle.unit-test";
		};
/* End PBXNativeTarget section */

/* Begin PBXProject section */
		74ED0B3B1A1AEDE2009D8357 /* Project object */ = {
			isa = PBXProject;
			attributes = {
				LastUpgradeCheck = 0610;
				ORGANIZATIONNAME = chen;
				TargetAttributes = {
					74ED0B421A1AEDE2009D8357 = {
						CreatedOnToolsVersion = 6.1;
					};
					74ED0B5E1A1AEDE2009D8357 = {
						CreatedOnToolsVersion = 6.1;
						TestTargetID = 74ED0B421A1AEDE2009D8357;
					};
				};
			};
			buildConfigurationList = 74ED0B3E1A1AEDE2009D8357 /* Build configuration list for PBXProject "QHComputerizedAlgorithm" */;
			compatibilityVersion = "Xcode 3.2";
			developmentRegion = English;
			hasScannedForEncodings = 0;
			knownRegions = (
				en,
				Base,
			);
			mainGroup = 74ED0B3A1A1AEDE2009D8357;
			productRefGroup = 74ED0B441A1AEDE2009D8357 /* Products */;
			projectDirPath = "";
			projectRoot = "";
			targets = (
				74ED0B421A1AEDE2009D8357 /* QHComputerizedAlgorithm */,
				74ED0B5E1A1AEDE2009D8357 /* QHComputerizedAlgorithmTests */,
			);
		};
/* End PBXProject section */

/* Begin PBXResourcesBuildPhase section */
		74ED0B411A1AEDE2009D8357 /* Resources */ = {
			isa = PBXResourcesBuildPhase;
			buildActionMask = 2147483647;
			files = (
				74ED0B551A1AEDE2009D8357 /* Main.storyboard in Resources */,
				74ED0B5A1A1AEDE2009D8357 /* LaunchScreen.xib in Resources */,
				74ED0B571A1AEDE2009D8357 /* Images.xcassets in Resources */,
			);
			runOnlyForDeploymentPostprocessing = 0;
		};
		74ED0B5D1A1AEDE2009D8357 /* Resources */ = {
			isa = PBXResourcesBuildPhase;
			buildActionMask = 2147483647;
			files = (
			);
			runOnlyForDeploymentPostprocessing = 0;
		};
/* End PBXResourcesBuildPhase section */

/* Begin PBXSourcesBuildPhase section */
		74ED0B3F1A1AEDE2009D8357 /* Sources */ = {
			isa = PBXSourcesBuildPhase;
			buildActionMask = 2147483647;
			files = (
				74ED0B4C1A1AEDE2009D8357 /* AppDelegate.m in Sources */,
				74ED0B721A1AF530009D8357 /* RunCoding.m in Sources */,
				74ED0B4F1A1AEDE2009D8357 /* MasterViewController.m in Sources */,
				74ED0B751A1B2730009D8357 /* BitMapCode.m in Sources */,
				74ED0B781A1B2946009D8357 /* BasicCodeObject.m in Sources */,
				74ED0B491A1AEDE2009D8357 /* main.m in Sources */,
				74ED0B521A1AEDE2009D8357 /* DetailViewController.m in Sources */,
			);
			runOnlyForDeploymentPostprocessing = 0;
		};
		74ED0B5B1A1AEDE2009D8357 /* Sources */ = {
			isa = PBXSourcesBuildPhase;
			buildActionMask = 2147483647;
			files = (
				74ED0B661A1AEDE2009D8357 /* QHComputerizedAlgorithmTests.m in Sources */,
			);
			runOnlyForDeploymentPostprocessing = 0;
		};
/* End PBXSourcesBuildPhase section */

/* Begin PBXTargetDependency section */
		74ED0B611A1AEDE2009D8357 /* PBXTargetDependency */ = {
			isa = PBXTargetDependency;
			target = 74ED0B421A1AEDE2009D8357 /* QHComputerizedAlgorithm */;
			targetProxy = 74ED0B601A1AEDE2009D8357 /* PBXContainerItemProxy */;
		};
/* End PBXTargetDependency section */

/* Begin PBXVariantGroup section */
		74ED0B531A1AEDE2009D8357 /* Main.storyboard */ = {
			isa = PBXVariantGroup;
			children = (
				74ED0B541A1AEDE2009D8357 /* Base */,
			);
			name = Main.storyboard;
			sourceTree = "<group>";
		};
		74ED0B581A1AEDE2009D8357 /* LaunchScreen.xib */ = {
			isa = PBXVariantGroup;
			children = (
				74ED0B591A1AEDE2009D8357 /* Base */,
			);
			name = LaunchScreen.xib;
			sourceTree = "<group>";
		};
/* End PBXVariantGroup section */

/* Begin XCBuildConfiguration section */
		74ED0B671A1AEDE2009D8357 /* Debug */ = {
			isa = XCBuildConfiguration;
			buildSettings = {
				ALWAYS_SEARCH_USER_PATHS = NO;
				CLANG_CXX_LANGUAGE_STANDARD = "gnu++0x";
				CLANG_CXX_LIBRARY = "libc++";
				CLANG_ENABLE_MODULES = YES;
				CLANG_ENABLE_OBJC_ARC = YES;
				CLANG_WARN_BOOL_CONVERSION = YES;
				CLANG_WARN_CONSTANT_CONVERSION = YES;
				CLANG_WARN_DIRECT_OBJC_ISA_USAGE = YES_ERROR;
				CLANG_WARN_EMPTY_BODY = YES;
				CLANG_WARN_ENUM_CONVERSION = YES;
				CLANG_WARN_INT_CONVERSION = YES;
				CLANG_WARN_OBJC_ROOT_CLASS = YES_ERROR;
				CLANG_WARN_UNREACHABLE_CODE = YES;
				CLANG_WARN__DUPLICATE_METHOD_MATCH = YES;
				"CODE_SIGN_IDENTITY[sdk=iphoneos*]" = "iPhone Developer";
				COPY_PHASE_STRIP = NO;
				ENABLE_STRICT_OBJC_MSGSEND = YES;
				GCC_C_LANGUAGE_STANDARD = gnu99;
				GCC_DYNAMIC_NO_PIC = NO;
				GCC_OPTIMIZATION_LEVEL = 0;
				GCC_PREPROCESSOR_DEFINITIONS = (
					"DEBUG=1",
					"$(inherited)",
				);
				GCC_SYMBOLS_PRIVATE_EXTERN = NO;
				GCC_WARN_64_TO_32_BIT_CONVERSION = YES;
				GCC_WARN_ABOUT_RETURN_TYPE = YES_ERROR;
				GCC_WARN_UNDECLARED_SELECTOR = YES;
				GCC_WARN_UNINITIALIZED_AUTOS = YES_AGGRESSIVE;
				GCC_WARN_UNUSED_FUNCTION = YES;
				GCC_WARN_UNUSED_VARIABLE = YES;
				IPHONEOS_DEPLOYMENT_TARGET = 8.1;
				MTL_ENABLE_DEBUG_INFO = YES;
				ONLY_ACTIVE_ARCH = YES;
				SDKROOT = iphoneos;
			};
			name = Debug;
		};
		74ED0B681A1AEDE2009D8357 /* Release */ = {
			isa = XCBuildConfiguration;
			buildSettings = {
				ALWAYS_SEARCH_USER_PATHS = NO;
				CLANG_CXX_LANGUAGE_STANDARD = "gnu++0x";
				CLANG_CXX_LIBRARY = "libc++";
				CLANG_ENABLE_MODULES = YES;
				CLANG_ENABLE_OBJC_ARC = YES;
				CLANG_WARN_BOOL_CONVERSION = YES;
				CLANG_WARN_CONSTANT_CONVERSION = YES;
				CLANG_WARN_DIRECT_OBJC_ISA_USAGE = YES_ERROR;
				CLANG_WARN_EMPTY_BODY = YES;
				CLANG_WARN_ENUM_CONVERSION = YES;
				CLANG_WARN_INT_CONVERSION = YES;
				CLANG_WARN_OBJC_ROOT_CLASS = YES_ERROR;
				CLANG_WARN_UNREACHABLE_CODE = YES;
				CLANG_WARN__DUPLICATE_METHOD_MATCH = YES;
				"CODE_SIGN_IDENTITY[sdk=iphoneos*]" = "iPhone Developer";
				COPY_PHASE_STRIP = YES;
				ENABLE_NS_ASSERTIONS = NO;
				ENABLE_STRICT_OBJC_MSGSEND = YES;
				GCC_C_LANGUAGE_STANDARD = gnu99;
				GCC_WARN_64_TO_32_BIT_CONVERSION = YES;
				GCC_WARN_ABOUT_RETURN_TYPE = YES_ERROR;
				GCC_WARN_UNDECLARED_SELECTOR = YES;
				GCC_WARN_UNINITIALIZED_AUTOS = YES_AGGRESSIVE;
				GCC_WARN_UNUSED_FUNCTION = YES;
				GCC_WARN_UNUSED_VARIABLE = YES;
				IPHONEOS_DEPLOYMENT_TARGET = 8.1;
				MTL_ENABLE_DEBUG_INFO = NO;
				SDKROOT = iphoneos;
				VALIDATE_PRODUCT = YES;
			};
			name = Release;
		};
		74ED0B6A1A1AEDE2009D8357 /* Debug */ = {
			isa = XCBuildConfiguration;
			buildSettings = {
				ASSETCATALOG_COMPILER_APPICON_NAME = AppIcon;
				INFOPLIST_FILE = QHComputerizedAlgorithm/Info.plist;
				LD_RUNPATH_SEARCH_PATHS = "$(inherited) @executable_path/Frameworks";
				PRODUCT_NAME = "$(TARGET_NAME)";
			};
			name = Debug;
		};
		74ED0B6B1A1AEDE2009D8357 /* Release */ = {
			isa = XCBuildConfiguration;
			buildSettings = {
				ASSETCATALOG_COMPILER_APPICON_NAME = AppIcon;
				INFOPLIST_FILE = QHComputerizedAlgorithm/Info.plist;
				LD_RUNPATH_SEARCH_PATHS = "$(inherited) @executable_path/Frameworks";
				PRODUCT_NAME = "$(TARGET_NAME)";
			};
			name = Release;
		};
		74ED0B6D1A1AEDE2009D8357 /* Debug */ = {
			isa = XCBuildConfiguration;
			buildSettings = {
				BUNDLE_LOADER = "$(TEST_HOST)";
				FRAMEWORK_SEARCH_PATHS = (
					"$(SDKROOT)/Developer/Library/Frameworks",
					"$(inherited)",
				);
				GCC_PREPROCESSOR_DEFINITIONS = (
					"DEBUG=1",
					"$(inherited)",
				);
				INFOPLIST_FILE = QHComputerizedAlgorithmTests/Info.plist;
				LD_RUNPATH_SEARCH_PATHS = "$(inherited) @executable_path/Frameworks @loader_path/Frameworks";
				PRODUCT_NAME = "$(TARGET_NAME)";
				TEST_HOST = "$(BUILT_PRODUCTS_DIR)/QHComputerizedAlgorithm.app/QHComputerizedAlgorithm";
			};
			name = Debug;
		};
		74ED0B6E1A1AEDE2009D8357 /* Release */ = {
			isa = XCBuildConfiguration;
			buildSettings = {
				BUNDLE_LOADER = "$(TEST_HOST)";
				FRAMEWORK_SEARCH_PATHS = (
					"$(SDKROOT)/Developer/Library/Frameworks",
					"$(inherited)",
				);
				INFOPLIST_FILE = QHComputerizedAlgorithmTests/Info.plist;
				LD_RUNPATH_SEARCH_PATHS = "$(inherited) @executable_path/Frameworks @loader_path/Frameworks";
				PRODUCT_NAME = "$(TARGET_NAME)";
				TEST_HOST = "$(BUILT_PRODUCTS_DIR)/QHComputerizedAlgorithm.app/QHComputerizedAlgorithm";
			};
			name = Release;
		};
/* End XCBuildConfiguration section */

/* Begin XCConfigurationList section */
		74ED0B3E1A1AEDE2009D8357 /* Build configuration list for PBXProject "QHComputerizedAlgorithm" */ = {
			isa = XCConfigurationList;
			buildConfigurations = (
				74ED0B671A1AEDE2009D8357 /* Debug */,
				74ED0B681A1AEDE2009D8357 /* Release */,
			);
			defaultConfigurationIsVisible = 0;
			defaultConfigurationName = Release;
		};
		74ED0B691A1AEDE2009D8357 /* Build configuration list for PBXNativeTarget "QHComputerizedAlgorithm" */ = {
			isa = XCConfigurationList;
			buildConfigurations = (
				74ED0B6A1A1AEDE2009D8357 /* Debug */,
				74ED0B6B1A1AEDE2009D8357 /* Release */,
			);
			defaultConfigurationIsVisible = 0;
			defaultConfigurationName = Release;
		};
		74ED0B6C1A1AEDE2009D8357 /* Build configuration list for PBXNativeTarget "QHComputerizedAlgorithmTests" */ = {
			isa = XCConfigurationList;
			buildConfigurations = (
				74ED0B6D1A1AEDE2009D8357 /* Debug */,
				74ED0B6E1A1AEDE2009D8357 /* Release */,
			);
			defaultConfigurationIsVisible = 0;
			defaultConfigurationName = Release;
		};
/* End XCConfigurationList section */
	};
	rootObject = 74ED0B3B1A1AEDE2009D8357 /* Project object */;
}
